
Microsoft Visual Studio Solution File, Format Version 12.00
# Visual Studio Version 17
VisualStudioVersion = 17.2.32616.157
MinimumVisualStudioVersion = 10.0.40219.1
Project("{9092AA53-FB77-4645-B42D-1CCCA6BD08BD}") = "KaloriAppNodeAPI", "KaloriAppNodeAPI.njsproj", "{F5DBD4B2-357D-4395-94BD-CC7BAEA0699A}"
EndProject
Global
	GlobalSection(SolutionConfigurationPlatforms) = preSolution
		Debug|Any CPU = Debug|Any CPU
		Release|Any CPU = Release|Any CPU
	EndGlobalSection
	GlobalSection(ProjectConfigurationPlatforms) = postSolution
		{F5DBD4B2-357D-4395-94BD-CC7BAEA0699A}.Debug|Any CPU.ActiveCfg = Debug|Any CPU
		{F5DBD4B2-357D-4395-94BD-CC7BAEA0699A}.Debug|Any CPU.Build.0 = Debug|Any CPU
		{F5DBD4B2-357D-4395-94BD-CC7BAEA0699A}.Release|Any CPU.ActiveCfg = Release|Any CPU
		{F5DBD4B2-357D-4395-94BD-CC7BAEA0699A}.Release|Any CPU.Build.0 = Release|Any CPU
	EndGlobalSection
	GlobalSection(SolutionProperties) = preSolution
		HideSolutionNode = FALSE
	EndGlobalSection
	GlobalSection(ExtensibilityGlobals) = postSolution
		SolutionGuid = {F2B62C7E-EEAE-40D8-8739-63765C31DEFA}
	EndGlobalSection
EndGlobal
